
Microsoft Visual Studio Solution File, Format Version 12.00
# Visual Studio Version 17
VisualStudioVersion = 17.0.31903.59
MinimumVisualStudioVersion = 10.0.40219.1
Project("{2150E333-8FDC-42A3-9474-1A3956D46DE8}") = "src", "src", "{827E0CD3-B72D-47B6-A68D-7590B98EB39B}"
EndProject
Project("{FAE04EC0-301F-11D3-BF4B-00C04F79EFBC}") = "PicoSwitch.Bridge.Core", "src\PicoSwitch.Bridge.Core\PicoSwitch.Bridge.Core.csproj", "{4D93462C-9057-4986-9DED-9C5DAEED5474}"
EndProject
Project("{FAE04EC0-301F-11D3-BF4B-00C04F79EFBC}") = "PicoSwitch.Management.Core", "src\PicoSwitch.Management.Core\PicoSwitch.Management.Core.csproj", "{4E68FF9D-0E29-40F7-8739-3E585624830E}"
EndProject
Project("{FAE04EC0-301F-11D3-BF4B-00C04F79EFBC}") = "PicoSwitch.Companion.Windows", "src\PicoSwitch.Companion.Windows\PicoSwitch.Companion.Windows.csproj", "{757AE2D6-B675-4AEB-A557-1C4CBD506E66}"
EndProject
Project("{FAE04EC0-301F-11D3-BF4B-00C04F79EFBC}") = "PicoSwitch.Companion.Services", "src\PicoSwitch.Companion.Services\PicoSwitch.Companion.Services.csproj", "{63F805AD-2120-4B4B-A12F-9B3823E9B289}"
EndProject
Project("{FAE04EC0-301F-11D3-BF4B-00C04F79EFBC}") = "PicoSwitch.Companion.App", "src\PicoSwitch.Companion.App\PicoSwitch.Companion.App.csproj", "{7FDDE3D2-2CEB-4548-AEC2-BF583E6802B5}"
EndProject
Project("{2150E333-8FDC-42A3-9474-1A3956D46DE8}") = "tests", "tests", "{0AB3BF05-4346-4AA6-1389-037BE0695223}"
EndProject
Project("{FAE04EC0-301F-11D3-BF4B-00C04F79EFBC}") = "PicoSwitch.Bridge.Core.Tests", "tests\PicoSwitch.Bridge.Core.Tests\PicoSwitch.Bridge.Core.Tests.csproj", "{A5865FFA-89A3-4D18-BC67-B74AEE6CBE90}"
EndProject
Project("{FAE04EC0-301F-11D3-BF4B-00C04F79EFBC}") = "PicoSwitch.Management.Core.Tests", "tests\PicoSwitch.Management.Core.Tests\PicoSwitch.Management.Core.Tests.csproj", "{A17F3ECE-EA2F-4E34-A6A2-C5BC59A84CAD}"
EndProject
Project("{FAE04EC0-301F-11D3-BF4B-00C04F79EFBC}") = "PicoSwitch.Companion.Windows.Tests", "tests\PicoSwitch.Companion.Windows.Tests\PicoSwitch.Companion.Windows.Tests.csproj", "{1603AFAB-DBF2-4B48-B509-75F5961AF86E}"
EndProject
Project("{FAE04EC0-301F-11D3-BF4B-00C04F79EFBC}") = "PicoSwitch.Companion.Services.Tests", "tests\PicoSwitch.Companion.Services.Tests\PicoSwitch.Companion.Services.Tests.csproj", "{28621C56-94F7-41AC-B0DD-F91539972200}"
EndProject
Global
	GlobalSection(SolutionConfigurationPlatforms) = preSolution
		Debug|Any CPU = Debug|Any CPU
		Debug|x64 = Debug|x64
		Debug|x86 = Debug|x86
		Release|Any CPU = Release|Any CPU
		Release|x64 = Release|x64
		Release|x86 = Release|x86
	EndGlobalSection
	GlobalSection(ProjectConfigurationPlatforms) = postSolution
		{4D93462C-9057-4986-9DED-9C5DAEED5474}.Debug|Any CPU.ActiveCfg = Debug|Any CPU
		{4D93462C-9057-4986-9DED-9C5DAEED5474}.Debug|Any CPU.Build.0 = Debug|Any CPU
		{4D93462C-9057-4986-9DED-9C5DAEED5474}.Debug|x64.ActiveCfg = Debug|Any CPU
		{4D93462C-9057-4986-9DED-9C5DAEED5474}.Debug|x64.Build.0 = Debug|Any CPU
		{4D93462C-9057-4986-9DED-9C5DAEED5474}.Debug|x86.ActiveCfg = Debug|Any CPU
		{4D93462C-9057-4986-9DED-9C5DAEED5474}.Debug|x86.Build.0 = Debug|Any CPU
		{4D93462C-9057-4986-9DED-9C5DAEED5474}.Release|Any CPU.ActiveCfg = Release|Any CPU
		{4D93462C-9057-4986-9DED-9C5DAEED5474}.Release|Any CPU.Build.0 = Release|Any CPU
		{4D93462C-9057-4986-9DED-9C5DAEED5474}.Release|x64.ActiveCfg = Release|Any CPU
		{4D93462C-9057-4986-9DED-9C5DAEED5474}.Release|x64.Build.0 = Release|Any CPU
		{4D93462C-9057-4986-9DED-9C5DAEED5474}.Release|x86.ActiveCfg = Release|Any CPU
		{4D93462C-9057-4986-9DED-9C5DAEED5474}.Release|x86.Build.0 = Release|Any CPU
		{4E68FF9D-0E29-40F7-8739-3E585624830E}.Debug|Any CPU.ActiveCfg = Debug|Any CPU
		{4E68FF9D-0E29-40F7-8739-3E585624830E}.Debug|Any CPU.Build.0 = Debug|Any CPU
		{4E68FF9D-0E29-40F7-8739-3E585624830E}.Debug|x64.ActiveCfg = Debug|Any CPU
		{4E68FF9D-0E29-40F7-8739-3E585624830E}.Debug|x64.Build.0 = Debug|Any CPU
		{4E68FF9D-0E29-40F7-8739-3E585624830E}.Debug|x86.ActiveCfg = Debug|Any CPU
		{4E68FF9D-0E29-40F7-8739-3E585624830E}.Debug|x86.Build.0 = Debug|Any CPU
		{4E68FF9D-0E29-40F7-8739-3E585624830E}.Release|Any CPU.ActiveCfg = Release|Any CPU
		{4E68FF9D-0E29-40F7-8739-3E585624830E}.Release|Any CPU.Build.0 = Release|Any CPU
		{4E68FF9D-0E29-40F7-8739-3E585624830E}.Release|x64.ActiveCfg = Release|Any CPU
		{4E68FF9D-0E29-40F7-8739-3E585624830E}.Release|x64.Build.0 = Release|Any CPU
		{4E68FF9D-0E29-40F7-8739-3E585624830E}.Release|x86.ActiveCfg = Release|Any CPU
		{4E68FF9D-0E29-40F7-8739-3E585624830E}.Release|x86.Build.0 = Release|Any CPU
		{757AE2D6-B675-4AEB-A557-1C4CBD506E66}.Debug|Any CPU.ActiveCfg = Debug|Any CPU
		{757AE2D6-B675-4AEB-A557-1C4CBD506E66}.Debug|Any CPU.Build.0 = Debug|Any CPU
		{757AE2D6-B675-4AEB-A557-1C4CBD506E66}.Debug|x64.ActiveCfg = Debug|Any CPU
		{757AE2D6-B675-4AEB-A557-1C4CBD506E66}.Debug|x64.Build.0 = Debug|Any CPU
		{757AE2D6-B675-4AEB-A557-1C4CBD506E66}.Debug|x86.ActiveCfg = Debug|Any CPU
		{757AE2D6-B675-4AEB-A557-1C4CBD506E66}.Debug|x86.Build.0 = Debug|Any CPU
		{757AE2D6-B675-4AEB-A557-1C4CBD506E66}.Release|Any CPU.ActiveCfg = Release|Any CPU
		{757AE2D6-B675-4AEB-A557-1C4CBD506E66}.Release|Any CPU.Build.0 = Release|Any CPU
		{757AE2D6-B675-4AEB-A557-1C4CBD506E66}.Release|x64.ActiveCfg = Release|Any CPU
		{757AE2D6-B675-4AEB-A557-1C4CBD506E66}.Release|x64.Build.0 = Release|Any CPU
		{757AE2D6-B675-4AEB-A557-1C4CBD506E66}.Release|x86.ActiveCfg = Release|Any CPU
		{757AE2D6-B675-4AEB-A557-1C4CBD506E66}.Release|x86.Build.0 = Release|Any CPU
		{63F805AD-2120-4B4B-A12F-9B3823E9B289}.Debug|Any CPU.ActiveCfg = Debug|Any CPU
		{63F805AD-2120-4B4B-A12F-9B3823E9B289}.Debug|Any CPU.Build.0 = Debug|Any CPU
		{63F805AD-2120-4B4B-A12F-9B3823E9B289}.Debug|x64.ActiveCfg = Debug|Any CPU
		{63F805AD-2120-4B4B-A12F-9B3823E9B289}.Debug|x64.Build.0 = Debug|Any CPU
		{63F805AD-2120-4B4B-A12F-9B3823E9B289}.Debug|x86.ActiveCfg = Debug|Any CPU
		{63F805AD-2120-4B4B-A12F-9B3823E9B289}.Debug|x86.Build.0 = Debug|Any CPU
		{63F805AD-2120-4B4B-A12F-9B3823E9B289}.Release|Any CPU.ActiveCfg = Release|Any CPU
		{63F805AD-2120-4B4B-A12F-9B3823E9B289}.Release|Any CPU.Build.0 = Release|Any CPU
		{63F805AD-2120-4B4B-A12F-9B3823E9B289}.Release|x64.ActiveCfg = Release|Any CPU
		{63F805AD-2120-4B4B-A12F-9B3823E9B289}.Release|x64.Build.0 = Release|Any CPU
		{63F805AD-2120-4B4B-A12F-9B3823E9B289}.Release|x86.ActiveCfg = Release|Any CPU
		{63F805AD-2120-4B4B-A12F-9B3823E9B289}.Release|x86.Build.0 = Release|Any CPU
		{7FDDE3D2-2CEB-4548-AEC2-BF583E6802B5}.Debug|Any CPU.ActiveCfg = Debug|x86
		{7FDDE3D2-2CEB-4548-AEC2-BF583E6802B5}.Debug|Any CPU.Build.0 = Debug|x86
		{7FDDE3D2-2CEB-4548-AEC2-BF583E6802B5}.Debug|x64.ActiveCfg = Debug|x64
		{7FDDE3D2-2CEB-4548-AEC2-BF583E6802B5}.Debug|x64.Build.0 = Debug|x64
		{7FDDE3D2-2CEB-4548-AEC2-BF583E6802B5}.Debug|x86.ActiveCfg = Debug|x86
		{7FDDE3D2-2CEB-4548-AEC2-BF583E6802B5}.Debug|x86.Build.0 = Debug|x86
		{7FDDE3D2-2CEB-4548-AEC2-BF583E6802B5}.Release|Any CPU.ActiveCfg = Release|x86
		{7FDDE3D2-2CEB-4548-AEC2-BF583E6802B5}.Release|Any CPU.Build.0 = Release|x86
		{7FDDE3D2-2CEB-4548-AEC2-BF583E6802B5}.Release|x64.ActiveCfg = Release|x64
		{7FDDE3D2-2CEB-4548-AEC2-BF583E6802B5}.Release|x64.Build.0 = Release|x64
		{7FDDE3D2-2CEB-4548-AEC2-BF583E6802B5}.Release|x86.ActiveCfg = Release|x86
		{7FDDE3D2-2CEB-4548-AEC2-BF583E6802B5}.Release|x86.Build.0 = Release|x86
		{A5865FFA-89A3-4D18-BC67-B74AEE6CBE90}.Debug|Any CPU.ActiveCfg = Debug|Any CPU
		{A5865FFA-89A3-4D18-BC67-B74AEE6CBE90}.Debug|Any CPU.Build.0 = Debug|Any CPU
		{A5865FFA-89A3-4D18-BC67-B74AEE6CBE90}.Debug|x64.ActiveCfg = Debug|Any CPU
		{A5865FFA-89A3-4D18-BC67-B74AEE6CBE90}.Debug|x64.Build.0 = Debug|Any CPU
		{A5865FFA-89A3-4D18-BC67-B74AEE6CBE90}.Debug|x86.ActiveCfg = Debug|Any CPU
		{A5865FFA-89A3-4D18-BC67-B74AEE6CBE90}.Debug|x86.Build.0 = Debug|Any CPU
		{A5865FFA-89A3-4D18-BC67-B74AEE6CBE90}.Release|Any CPU.ActiveCfg = Release|Any CPU
		{A5865FFA-89A3-4D18-BC67-B74AEE6CBE90}.Release|Any CPU.Build.0 = Release|Any CPU
		{A5865FFA-89A3-4D18-BC67-B74AEE6CBE90}.Release|x64.ActiveCfg = Release|Any CPU
		{A5865FFA-89A3-4D18-BC67-B74AEE6CBE90}.Release|x64.Build.0 = Release|Any CPU
		{A5865FFA-89A3-4D18-BC67-B74AEE6CBE90}.Release|x86.ActiveCfg = Release|Any CPU
		{A5865FFA-89A3-4D18-BC67-B74AEE6CBE90}.Release|x86.Build.0 = Release|Any CPU
		{A17F3ECE-EA2F-4E34-A6A2-C5BC59A84CAD}.Debug|Any CPU.ActiveCfg = Debug|Any CPU
		{A17F3ECE-EA2F-4E34-A6A2-C5BC59A84CAD}.Debug|Any CPU.Build.0 = Debug|Any CPU
		{A17F3ECE-EA2F-4E34-A6A2-C5BC59A84CAD}.Debug|x64.ActiveCfg = Debug|Any CPU
		{A17F3ECE-EA2F-4E34-A6A2-C5BC59A84CAD}.Debug|x64.Build.0 = Debug|Any CPU
		{A17F3ECE-EA2F-4E34-A6A2-C5BC59A84CAD}.Debug|x86.ActiveCfg = Debug|Any CPU
		{A17F3ECE-EA2F-4E34-A6A2-C5BC59A84CAD}.Debug|x86.Build.0 = Debug|Any CPU
		{A17F3ECE-EA2F-4E34-A6A2-C5BC59A84CAD}.Release|Any CPU.ActiveCfg = Release|Any CPU
		{A17F3ECE-EA2F-4E34-A6A2-C5BC59A84CAD}.Release|Any CPU.Build.0 = Release|Any CPU
		{A17F3ECE-EA2F-4E34-A6A2-C5BC59A84CAD}.Release|x64.ActiveCfg = Release|Any CPU
		{A17F3ECE-EA2F-4E34-A6A2-C5BC59A84CAD}.Release|x64.Build.0 = Release|Any CPU
		{A17F3ECE-EA2F-4E34-A6A2-C5BC59A84CAD}.Release|x86.ActiveCfg = Release|Any CPU
		{A17F3ECE-EA2F-4E34-A6A2-C5BC59A84CAD}.Release|x86.Build.0 = Release|Any CPU
		{1603AFAB-DBF2-4B48-B509-75F5961AF86E}.Debug|Any CPU.ActiveCfg = Debug|Any CPU
		{1603AFAB-DBF2-4B48-B509-75F5961AF86E}.Debug|Any CPU.Build.0 = Debug|Any CPU
		{1603AFAB-DBF2-4B48-B509-75F5961AF86E}.Debug|x64.ActiveCfg = Debug|x64
		{1603AFAB-DBF2-4B48-B509-75F5961AF86E}.Debug|x64.Build.0 = Debug|x64
		{1603AFAB-DBF2-4B48-B509-75F5961AF86E}.Debug|x86.ActiveCfg = Debug|Any CPU
		{1603AFAB-DBF2-4B48-B509-75F5961AF86E}.Debug|x86.Build.0 = Debug|Any CPU
		{1603AFAB-DBF2-4B48-B509-75F5961AF86E}.Release|Any CPU.ActiveCfg = Release|Any CPU
		{1603AFAB-DBF2-4B48-B509-75F5961AF86E}.Release|Any CPU.Build.0 = Release|Any CPU
		{1603AFAB-DBF2-4B48-B509-75F5961AF86E}.Release|x64.ActiveCfg = Release|x64
		{1603AFAB-DBF2-4B48-B509-75F5961AF86E}.Release|x64.Build.0 = Release|x64
		{1603AFAB-DBF2-4B48-B509-75F5961AF86E}.Release|x86.ActiveCfg = Release|Any CPU
		{1603AFAB-DBF2-4B48-B509-75F5961AF86E}.Release|x86.Build.0 = Release|Any CPU
		{28621C56-94F7-41AC-B0DD-F91539972200}.Debug|Any CPU.ActiveCfg = Debug|Any CPU
		{28621C56-94F7-41AC-B0DD-F91539972200}.Debug|Any CPU.Build.0 = Debug|Any CPU
		{28621C56-94F7-41AC-B0DD-F91539972200}.Debug|x64.ActiveCfg = Debug|x64
		{28621C56-94F7-41AC-B0DD-F91539972200}.Debug|x64.Build.0 = Debug|x64
		{28621C56-94F7-41AC-B0DD-F91539972200}.Debug|x86.ActiveCfg = Debug|Any CPU
		{28621C56-94F7-41AC-B0DD-F91539972200}.Debug|x86.Build.0 = Debug|Any CPU
		{28621C56-94F7-41AC-B0DD-F91539972200}.Release|Any CPU.ActiveCfg = Release|Any CPU
		{28621C56-94F7-41AC-B0DD-F91539972200}.Release|Any CPU.Build.0 = Release|Any CPU
		{28621C56-94F7-41AC-B0DD-F91539972200}.Release|x64.ActiveCfg = Release|x64
		{28621C56-94F7-41AC-B0DD-F91539972200}.Release|x64.Build.0 = Release|x64
		{28621C56-94F7-41AC-B0DD-F91539972200}.Release|x86.ActiveCfg = Release|Any CPU
		{28621C56-94F7-41AC-B0DD-F91539972200}.Release|x86.Build.0 = Release|Any CPU
	EndGlobalSection
	GlobalSection(SolutionProperties) = preSolution
		HideSolutionNode = FALSE
	EndGlobalSection
	GlobalSection(NestedProjects) = preSolution
		{4D93462C-9057-4986-9DED-9C5DAEED5474} = {827E0CD3-B72D-47B6-A68D-7590B98EB39B}
		{4E68FF9D-0E29-40F7-8739-3E585624830E} = {827E0CD3-B72D-47B6-A68D-7590B98EB39B}
		{757AE2D6-B675-4AEB-A557-1C4CBD506E66} = {827E0CD3-B72D-47B6-A68D-7590B98EB39B}
		{63F805AD-2120-4B4B-A12F-9B3823E9B289} = {827E0CD3-B72D-47B6-A68D-7590B98EB39B}
		{7FDDE3D2-2CEB-4548-AEC2-BF583E6802B5} = {827E0CD3-B72D-47B6-A68D-7590B98EB39B}
		{A5865FFA-89A3-4D18-BC67-B74AEE6CBE90} = {0AB3BF05-4346-4AA6-1389-037BE0695223}
		{A17F3ECE-EA2F-4E34-A6A2-C5BC59A84CAD} = {0AB3BF05-4346-4AA6-1389-037BE0695223}
		{1603AFAB-DBF2-4B48-B509-75F5961AF86E} = {0AB3BF05-4346-4AA6-1389-037BE0695223}
		{28621C56-94F7-41AC-B0DD-F91539972200} = {0AB3BF05-4346-4AA6-1389-037BE0695223}
	EndGlobalSection
EndGlobal
